// !$*UTF8*$!
{
	archiveVersion = 1;
	classes = {
	};
	objectVersion = 55;
	objects = {

/* Begin PBXBuildFile section */
		F64D89F9279B3E1B00D6D73A /* TestPoCIntegrationApp.swift in Sources */ = {isa = PBXBuildFile; fileRef = F64D89F8279B3E1B00D6D73A /* TestPoCIntegrationApp.swift */; };
		F64D89FB279B3E1B00D6D73A /* ContentView.swift in Sources */ = {isa = PBXBuildFile; fileRef = F64D89FA279B3E1B00D6D73A /* ContentView.swift */; };
		F64D89FD279B3E1E00D6D73A /* Assets.xcassets in Resources */ = {isa = PBXBuildFile; fileRef = F64D89FC279B3E1E00D6D73A /* Assets.xcassets */; };
		F64D8A00279B3E1E00D6D73A /* Preview Assets.xcassets in Resources */ = {isa = PBXBuildFile; fileRef = F64D89FF279B3E1E00D6D73A /* Preview Assets.xcassets */; };
		F6554DAF28063C8D00DDB5EF /* LinkedinAudienceNetwork.xcframework in Frameworks */ = {isa = PBXBuildFile; fileRef = F6554DAE28063C8D00DDB5EF /* LinkedinAudienceNetwork.xcframework */; };
		F66A7AB027F64825002015C0 /* TestObjectCCode.m in Sources */ = {isa = PBXBuildFile; fileRef = F66A7AAF27F64825002015C0 /* TestObjectCCode.m */; };
		F6715A1E27D28472000A8B6C /* Instabug.xcframework in Frameworks */ = {isa = PBXBuildFile; fileRef = F6715A1D27D28472000A8B6C /* Instabug.xcframework */; };
/* End PBXBuildFile section */

/* Begin PBXCopyFilesBuildPhase section */
		F66A7AAD27F646F2002015C0 /* Embed Frameworks */ = {
			isa = PBXCopyFilesBuildPhase;
			buildActionMask = 2147483647;
			dstPath = "";
			dstSubfolderSpec = 10;
			files = (
			);
			name = "Embed Frameworks";
			runOnlyForDeploymentPostprocessing = 0;
		};
/* End PBXCopyFilesBuildPhase section */

/* Begin PBXFileReference section */
		5BD588217EC124566EF4D6CB /* Pods-TestPoCIntegration.debug.xcconfig */ = {isa = PBXFileReference; includeInIndex = 1; lastKnownFileType = text.xcconfig; name = "Pods-TestPoCIntegration.debug.xcconfig"; path = "Target Support Files/Pods-TestPoCIntegration/Pods-TestPoCIntegration.debug.xcconfig"; sourceTree = "<group>"; };
		D1C287236AECA8B5E3CC5D7D /* Pods-TestPoCIntegration.release.xcconfig */ = {isa = PBXFileReference; includeInIndex = 1; lastKnownFileType = text.xcconfig; name = "Pods-TestPoCIntegration.release.xcconfig"; path = "Target Support Files/Pods-TestPoCIntegration/Pods-TestPoCIntegration.release.xcconfig"; sourceTree = "<group>"; };
		F64D89F5279B3E1B00D6D73A /* TestPoCIntegration.app */ = {isa = PBXFileReference; explicitFileType = wrapper.application; includeInIndex = 0; path = TestPoCIntegration.app; sourceTree = BUILT_PRODUCTS_DIR; };
		F64D89F8279B3E1B00D6D73A /* TestPoCIntegrationApp.swift */ = {isa = PBXFileReference; lastKnownFileType = sourcecode.swift; path = TestPoCIntegrationApp.swift; sourceTree = "<group>"; };
		F64D89FA279B3E1B00D6D73A /* ContentView.swift */ = {isa = PBXFileReference; lastKnownFileType = sourcecode.swift; path = ContentView.swift; sourceTree = "<group>"; };
		F64D89FC279B3E1E00D6D73A /* Assets.xcassets */ = {isa = PBXFileReference; lastKnownFileType = folder.assetcatalog; path = Assets.xcassets; sourceTree = "<group>"; };
		F64D89FF279B3E1E00D6D73A /* Preview Assets.xcassets */ = {isa = PBXFileReference; lastKnownFileType = folder.assetcatalog; path = "Preview Assets.xcassets"; sourceTree = "<group>"; };
		F6554DAE28063C8D00DDB5EF /* LinkedinAudienceNetwork.xcframework */ = {isa = PBXFileReference; lastKnownFileType = wrapper.xcframework; path = LinkedinAudienceNetwork.xcframework; sourceTree = "<group>"; };
		F66A7AAE27F64825002015C0 /* TestPoCIntegration-Bridging-Header.h */ = {isa = PBXFileReference; lastKnownFileType = sourcecode.c.h; path = "TestPoCIntegration-Bridging-Header.h"; sourceTree = "<group>"; };
		F66A7AAF27F64825002015C0 /* TestObjectCCode.m */ = {isa = PBXFileReference; lastKnownFileType = sourcecode.c.objc; path = TestObjectCCode.m; sourceTree = "<group>"; };
		F66A7AB127F64AE9002015C0 /* TestObjectCCode.h */ = {isa = PBXFileReference; lastKnownFileType = sourcecode.c.h; path = TestObjectCCode.h; sourceTree = "<group>"; };
		F6715A1D27D28472000A8B6C /* Instabug.xcframework */ = {isa = PBXFileReference; lastKnownFileType = wrapper.xcframework; path = Instabug.xcframework; sourceTree = "<group>"; };
/* End PBXFileReference section */

/* Begin PBXFrameworksBuildPhase section */
		F64D89F2279B3E1B00D6D73A /* Frameworks */ = {
			isa = PBXFrameworksBuildPhase;
			buildActionMask = 2147483647;
			files = (
				F6554DAF28063C8D00DDB5EF /* LinkedinAudienceNetwork.xcframework in Frameworks */,
				F6715A1E27D28472000A8B6C /* Instabug.xcframework in Frameworks */,
			);
			runOnlyForDeploymentPostprocessing = 0;
		};
/* End PBXFrameworksBuildPhase section */

/* Begin PBXGroup section */
		24603A772DDC8BFDE1EE14C3 /* Frameworks */ = {
			isa = PBXGroup;
			children = (
				F6554DAE28063C8D00DDB5EF /* LinkedinAudienceNetwork.xcframework */,
				F6715A1D27D28472000A8B6C /* Instabug.xcframework */,
			);
			name = Frameworks;
			sourceTree = "<group>";
		};
		7520C1EC2A23247CB7BDF09A /* Pods */ = {
			isa = PBXGroup;
			children = (
				5BD588217EC124566EF4D6CB /* Pods-TestPoCIntegration.debug.xcconfig */,
				D1C287236AECA8B5E3CC5D7D /* Pods-TestPoCIntegration.release.xcconfig */,
			);
			path = Pods;
			sourceTree = "<group>";
		};
		F64D89EC279B3E1B00D6D73A = {
			isa = PBXGroup;
			children = (
				F64D89F7279B3E1B00D6D73A /* TestPoCIntegration */,
				F64D89F6279B3E1B00D6D73A /* Products */,
				7520C1EC2A23247CB7BDF09A /* Pods */,
				24603A772DDC8BFDE1EE14C3 /* Frameworks */,
			);
			sourceTree = "<group>";
		};
		F64D89F6279B3E1B00D6D73A /* Products */ = {
			isa = PBXGroup;
			children = (
				F64D89F5279B3E1B00D6D73A /* TestPoCIntegration.app */,
			);
			name = Products;
			sourceTree = "<group>";
		};
		F64D89F7279B3E1B00D6D73A /* TestPoCIntegration */ = {
			isa = PBXGroup;
			children = (
				F64D89F8279B3E1B00D6D73A /* TestPoCIntegrationApp.swift */,
				F64D89FA279B3E1B00D6D73A /* ContentView.swift */,
				F64D89FC279B3E1E00D6D73A /* Assets.xcassets */,
				F64D89FE279B3E1E00D6D73A /* Preview Content */,
				F66A7AAF27F64825002015C0 /* TestObjectCCode.m */,
				F66A7AAE27F64825002015C0 /* TestPoCIntegration-Bridging-Header.h */,
				F66A7AB127F64AE9002015C0 /* TestObjectCCode.h */,
			);
			path = TestPoCIntegration;
			sourceTree = "<group>";
		};
		F64D89FE279B3E1E00D6D73A /* Preview Content */ = {
			isa = PBXGroup;
			children = (
				F64D89FF279B3E1E00D6D73A /* Preview Assets.xcassets */,
			);
			path = "Preview Content";
			sourceTree = "<group>";
		};
/* End PBXGroup section */

/* Begin PBXNativeTarget section */
		F64D89F4279B3E1B00D6D73A /* TestPoCIntegration */ = {
			isa = PBXNativeTarget;
			buildConfigurationList = F64D8A03279B3E1E00D6D73A /* Build configuration list for PBXNativeTarget "TestPoCIntegration" */;
			buildPhases = (
				99033CAA031271697D22B193 /* [CP] Check Pods Manifest.lock */,
				F64D89F1279B3E1B00D6D73A /* Sources */,
				F64D89F2279B3E1B00D6D73A /* Frameworks */,
				F64D89F3279B3E1B00D6D73A /* Resources */,
				F66A7AAD27F646F2002015C0 /* Embed Frameworks */,
			);
			buildRules = (
			);
			dependencies = (
			);
			name = TestPoCIntegration;
			productName = TestPoCIntegration;
			productReference = F64D89F5279B3E1B00D6D73A /* TestPoCIntegration.app */;
			productType = "com.apple.product-type.application";
		};
/* End PBXNativeTarget section */

/* Begin PBXProject section */
		F64D89ED279B3E1B00D6D73A /* Project object */ = {
			isa = PBXProject;
			attributes = {
				BuildIndependentTargetsInParallel = 1;
				LastSwiftUpdateCheck = 1320;
				LastUpgradeCheck = 1320;
				TargetAttributes = {
					F64D89F4279B3E1B00D6D73A = {
						CreatedOnToolsVersion = 13.2.1;
						LastSwiftMigration = 1330;
					};
				};
			};
			buildConfigurationList = F64D89F0279B3E1B00D6D73A /* Build configuration list for PBXProject "TestPoCIntegration" */;
			compatibilityVersion = "Xcode 13.0";
			developmentRegion = en;
			hasScannedForEncodings = 0;
			knownRegions = (
				en,
				Base,
			);
			mainGroup = F64D89EC279B3E1B00D6D73A;
			productRefGroup = F64D89F6279B3E1B00D6D73A /* Products */;
			projectDirPath = "";
			projectRoot = "";
			targets = (
				F64D89F4279B3E1B00D6D73A /* TestPoCIntegration */,
			);
		};
/* End PBXProject section */

/* Begin PBXResourcesBuildPhase section */
		F64D89F3279B3E1B00D6D73A /* Resources */ = {
			isa = PBXResourcesBuildPhase;
			buildActionMask = 2147483647;
			files = (
				F64D8A00279B3E1E00D6D73A /* Preview Assets.xcassets in Resources */,
				F64D89FD279B3E1E00D6D73A /* Assets.xcassets in Resources */,
			);
			runOnlyForDeploymentPostprocessing = 0;
		};
/* End PBXResourcesBuildPhase section */

/* Begin PBXShellScriptBuildPhase section */
		99033CAA031271697D22B193 /* [CP] Check Pods Manifest.lock */ = {
			isa = PBXShellScriptBuildPhase;
			buildActionMask = 2147483647;
			files = (
			);
			inputFileListPaths = (
			);
			inputPaths = (
				"${PODS_PODFILE_DIR_PATH}/Podfile.lock",
				"${PODS_ROOT}/Manifest.lock",
			);
			name = "[CP] Check Pods Manifest.lock";
			outputFileListPaths = (
			);
			outputPaths = (
				"$(DERIVED_FILE_DIR)/Pods-TestPoCIntegration-checkManifestLockResult.txt",
			);
			runOnlyForDeploymentPostprocessing = 0;
			shellPath = /bin/sh;
			shellScript = "diff \"${PODS_PODFILE_DIR_PATH}/Podfile.lock\" \"${PODS_ROOT}/Manifest.lock\" > /dev/null\nif [ $? != 0 ] ; then\n    # print error to STDERR\n    echo \"error: The sandbox is not in sync with the Podfile.lock. Run 'pod install' or update your CocoaPods installation.\" >&2\n    exit 1\nfi\n# This output is used by Xcode 'outputs' to avoid re-running this script phase.\necho \"SUCCESS\" > \"${SCRIPT_OUTPUT_FILE_0}\"\n";
			showEnvVarsInLog = 0;
		};
/* End PBXShellScriptBuildPhase section */

/* Begin PBXSourcesBuildPhase section */
		F64D89F1279B3E1B00D6D73A /* Sources */ = {
			isa = PBXSourcesBuildPhase;
			buildActionMask = 2147483647;
			files = (
				F66A7AB027F64825002015C0 /* TestObjectCCode.m in Sources */,
				F64D89FB279B3E1B00D6D73A /* ContentView.swift in Sources */,
				F64D89F9279B3E1B00D6D73A /* TestPoCIntegrationApp.swift in Sources */,
			);
			runOnlyForDeploymentPostprocessing = 0;
		};
/* End PBXSourcesBuildPhase section */

/* Begin XCBuildConfiguration section */
		F64D8A01279B3E1E00D6D73A /* Debug */ = {
			isa = XCBuildConfiguration;
			buildSettings = {
				ALWAYS_SEARCH_USER_PATHS = NO;
				CLANG_ANALYZER_NONNULL = YES;
				CLANG_ANALYZER_NUMBER_OBJECT_CONVERSION = YES_AGGRESSIVE;
				CLANG_CXX_LANGUAGE_STANDARD = "gnu++17";
				CLANG_CXX_LIBRARY = "libc++";
				CLANG_ENABLE_MODULES = YES;
				CLANG_ENABLE_OBJC_ARC = YES;
				CLANG_ENABLE_OBJC_WEAK = YES;
				CLANG_WARN_BLOCK_CAPTURE_AUTORELEASING = YES;
				CLANG_WARN_BOOL_CONVERSION = YES;
				CLANG_WARN_COMMA = YES;
				CLANG_WARN_CONSTANT_CONVERSION = YES;
				CLANG_WARN_DEPRECATED_OBJC_IMPLEMENTATIONS = YES;
				CLANG_WARN_DIRECT_OBJC_ISA_USAGE = YES_ERROR;
				CLANG_WARN_DOCUMENTATION_COMMENTS = YES;
				CLANG_WARN_EMPTY_BODY = YES;
				CLANG_WARN_ENUM_CONVERSION = YES;
				CLANG_WARN_INFINITE_RECURSION = YES;
				CLANG_WARN_INT_CONVERSION = YES;
				CLANG_WARN_NON_LITERAL_NULL_CONVERSION = YES;
				CLANG_WARN_OBJC_IMPLICIT_RETAIN_SELF = YES;
				CLANG_WARN_OBJC_LITERAL_CONVERSION = YES;
				CLANG_WARN_OBJC_ROOT_CLASS = YES_ERROR;
				CLANG_WARN_QUOTED_INCLUDE_IN_FRAMEWORK_HEADER = YES;
				CLANG_WARN_RANGE_LOOP_ANALYSIS = YES;
				CLANG_WARN_STRICT_PROTOTYPES = YES;
				CLANG_WARN_SUSPICIOUS_MOVE = YES;
				CLANG_WARN_UNGUARDED_AVAILABILITY = YES_AGGRESSIVE;
				CLANG_WARN_UNREACHABLE_CODE = YES;
				CLANG_WARN__DUPLICATE_METHOD_MATCH = YES;
				COPY_PHASE_STRIP = NO;
				DEBUG_INFORMATION_FORMAT = dwarf;
				ENABLE_BITCODE = NO;
				ENABLE_STRICT_OBJC_MSGSEND = YES;
				ENABLE_TESTABILITY = YES;
				GCC_C_LANGUAGE_STANDARD = gnu11;
				GCC_DYNAMIC_NO_PIC = NO;
				GCC_NO_COMMON_BLOCKS = YES;
				GCC_OPTIMIZATION_LEVEL = 0;
				GCC_PREPROCESSOR_DEFINITIONS = (
					"DEBUG=1",
					"$(inherited)",
				);
				GCC_WARN_64_TO_32_BIT_CONVERSION = YES;
				GCC_WARN_ABOUT_RETURN_TYPE = YES_ERROR;
				GCC_WARN_UNDECLARED_SELECTOR = YES;
				GCC_WARN_UNINITIALIZED_AUTOS = YES_AGGRESSIVE;
				GCC_WARN_UNUSED_FUNCTION = YES;
				GCC_WARN_UNUSED_VARIABLE = YES;
				IPHONEOS_DEPLOYMENT_TARGET = 15.2;
				MTL_ENABLE_DEBUG_INFO = INCLUDE_SOURCE;
				MTL_FAST_MATH = YES;
				ONLY_ACTIVE_ARCH = YES;
				SDKROOT = iphoneos;
				SWIFT_ACTIVE_COMPILATION_CONDITIONS = DEBUG;
				SWIFT_OPTIMIZATION_LEVEL = "-Onone";
			};
			name = Debug;
		};
		F64D8A02279B3E1E00D6D73A /* Release */ = {
			isa = XCBuildConfiguration;
			buildSettings = {
				ALWAYS_SEARCH_USER_PATHS = NO;
				CLANG_ANALYZER_NONNULL = YES;
				CLANG_ANALYZER_NUMBER_OBJECT_CONVERSION = YES_AGGRESSIVE;
				CLANG_CXX_LANGUAGE_STANDARD = "gnu++17";
				CLANG_CXX_LIBRARY = "libc++";
				CLANG_ENABLE_MODULES = YES;
				CLANG_ENABLE_OBJC_ARC = YES;
				CLANG_ENABLE_OBJC_WEAK = YES;
				CLANG_WARN_BLOCK_CAPTURE_AUTORELEASING = YES;
				CLANG_WARN_BOOL_CONVERSION = YES;
				CLANG_WARN_COMMA = YES;
				CLANG_WARN_CONSTANT_CONVERSION = YES;
				CLANG_WARN_DEPRECATED_OBJC_IMPLEMENTATIONS = YES;
				CLANG_WARN_DIRECT_OBJC_ISA_USAGE = YES_ERROR;
				CLANG_WARN_DOCUMENTATION_COMMENTS = YES;
				CLANG_WARN_EMPTY_BODY = YES;
				CLANG_WARN_ENUM_CONVERSION = YES;
				CLANG_WARN_INFINITE_RECURSION = YES;
				CLANG_WARN_INT_CONVERSION = YES;
				CLANG_WARN_NON_LITERAL_NULL_CONVERSION = YES;
				CLANG_WARN_OBJC_IMPLICIT_RETAIN_SELF = YES;
				CLANG_WARN_OBJC_LITERAL_CONVERSION = YES;
				CLANG_WARN_OBJC_ROOT_CLASS = YES_ERROR;
				CLANG_WARN_QUOTED_INCLUDE_IN_FRAMEWORK_HEADER = YES;
				CLANG_WARN_RANGE_LOOP_ANALYSIS = YES;
				CLANG_WARN_STRICT_PROTOTYPES = YES;
				CLANG_WARN_SUSPICIOUS_MOVE = YES;
				CLANG_WARN_UNGUARDED_AVAILABILITY = YES_AGGRESSIVE;
				CLANG_WARN_UNREACHABLE_CODE = YES;
				CLANG_WARN__DUPLICATE_METHOD_MATCH = YES;
				COPY_PHASE_STRIP = NO;
				DEBUG_INFORMATION_FORMAT = "dwarf-with-dsym";
				ENABLE_BITCODE = NO;
				ENABLE_NS_ASSERTIONS = NO;
				ENABLE_STRICT_OBJC_MSGSEND = YES;
				GCC_C_LANGUAGE_STANDARD = gnu11;
				GCC_NO_COMMON_BLOCKS = YES;
				GCC_WARN_64_TO_32_BIT_CONVERSION = YES;
				GCC_WARN_ABOUT_RETURN_TYPE = YES_ERROR;
				GCC_WARN_UNDECLARED_SELECTOR = YES;
				GCC_WARN_UNINITIALIZED_AUTOS = YES_AGGRESSIVE;
				GCC_WARN_UNUSED_FUNCTION = YES;
				GCC_WARN_UNUSED_VARIABLE = YES;
				IPHONEOS_DEPLOYMENT_TARGET = 15.2;
				MTL_ENABLE_DEBUG_INFO = NO;
				MTL_FAST_MATH = YES;
				SDKROOT = iphoneos;
				SWIFT_COMPILATION_MODE = wholemodule;
				SWIFT_OPTIMIZATION_LEVEL = "-O";
				VALIDATE_PRODUCT = YES;
			};
			name = Release;
		};
		F64D8A04279B3E1E00D6D73A /* Debug */ = {
			isa = XCBuildConfiguration;
			baseConfigurationReference = 5BD588217EC124566EF4D6CB /* Pods-TestPoCIntegration.debug.xcconfig */;
			buildSettings = {
				ASSETCATALOG_COMPILER_APPICON_NAME = AppIcon;
				ASSETCATALOG_COMPILER_GLOBAL_ACCENT_COLOR_NAME = AccentColor;
				CLANG_ENABLE_MODULES = YES;
				CODE_SIGN_IDENTITY = "Apple Development";
				CODE_SIGN_STYLE = Automatic;
				CURRENT_PROJECT_VERSION = 1;
				DEVELOPMENT_ASSET_PATHS = "\"TestPoCIntegration/Preview Content\"";
				DEVELOPMENT_TEAM = 57Y47U492U;
				ENABLE_BITCODE = NO;
				ENABLE_PREVIEWS = YES;
				FRAMEWORK_SEARCH_PATHS = (
					"$(inherited)/**",
					"\"${PODS_ROOT}/TestGithubCI/TestXCFramework-0.1.2\"",
					"\"${PODS_XCFRAMEWORKS_BUILD_DIR}/TestGithubCI\"",
				);
				GENERATE_INFOPLIST_FILE = YES;
				INFOPLIST_KEY_UIApplicationSceneManifest_Generation = YES;
				INFOPLIST_KEY_UIApplicationSupportsIndirectInputEvents = YES;
				INFOPLIST_KEY_UILaunchScreen_Generation = YES;
				INFOPLIST_KEY_UISupportedInterfaceOrientations_iPad = "UIInterfaceOrientationPortrait UIInterfaceOrientationPortraitUpsideDown UIInterfaceOrientationLandscapeLeft UIInterfaceOrientationLandscapeRight";
				INFOPLIST_KEY_UISupportedInterfaceOrientations_iPhone = "UIInterfaceOrientationPortrait UIInterfaceOrientationLandscapeLeft UIInterfaceOrientationLandscapeRight";
				IPHONEOS_DEPLOYMENT_TARGET = 14.0;
				LD_RUNPATH_SEARCH_PATHS = (
					"$(inherited)",
					"@executable_path/Frameworks",
				);
				MARKETING_VERSION = 1.0;
				PRODUCT_BUNDLE_IDENTIFIER = com.linkedin.TestPoCIntegration;
				PRODUCT_NAME = "$(TARGET_NAME)";
				PROVISIONING_PROFILE_SPECIFIER = "";
				SWIFT_EMIT_LOC_STRINGS = YES;
				SWIFT_OBJC_BRIDGING_HEADER = "TestPoCIntegration/TestPoCIntegration-Bridging-Header.h";
				SWIFT_OPTIMIZATION_LEVEL = "-Onone";
				SWIFT_VERSION = 5.0;
				TARGETED_DEVICE_FAMILY = "1,2";
			};
			name = Debug;
		};
		F64D8A05279B3E1E00D6D73A /* Release */ = {
			isa = XCBuildConfiguration;
			baseConfigurationReference = D1C287236AECA8B5E3CC5D7D /* Pods-TestPoCIntegration.release.xcconfig */;
			buildSettings = {
				ASSETCATALOG_COMPILER_APPICON_NAME = AppIcon;
				ASSETCATALOG_COMPILER_GLOBAL_ACCENT_COLOR_NAME = AccentColor;
				CLANG_ENABLE_MODULES = YES;
				CODE_SIGN_IDENTITY = "Apple Development";
				CODE_SIGN_STYLE = Automatic;
				CURRENT_PROJECT_VERSION = 1;
				DEVELOPMENT_ASSET_PATHS = "\"TestPoCIntegration/Preview Content\"";
				DEVELOPMENT_TEAM = 57Y47U492U;
				ENABLE_BITCODE = NO;
				ENABLE_PREVIEWS = YES;
				FRAMEWORK_SEARCH_PATHS = (
					"$(inherited)/**",
					"\"${PODS_ROOT}/TestGithubCI/TestXCFramework-0.1.2\"",
					"\"${PODS_XCFRAMEWORKS_BUILD_DIR}/TestGithubCI\"",
				);
				GENERATE_INFOPLIST_FILE = YES;
				INFOPLIST_KEY_UIApplicationSceneManifest_Generation = YES;
				INFOPLIST_KEY_UIApplicationSupportsIndirectInputEvents = YES;
				INFOPLIST_KEY_UILaunchScreen_Generation = YES;
				INFOPLIST_KEY_UISupportedInterfaceOrientations_iPad = "UIInterfaceOrientationPortrait UIInterfaceOrientationPortraitUpsideDown UIInterfaceOrientationLandscapeLeft UIInterfaceOrientationLandscapeRight";
				INFOPLIST_KEY_UISupportedInterfaceOrientations_iPhone = "UIInterfaceOrientationPortrait UIInterfaceOrientationLandscapeLeft UIInterfaceOrientationLandscapeRight";
				IPHONEOS_DEPLOYMENT_TARGET = 14.0;
				LD_RUNPATH_SEARCH_PATHS = (
					"$(inherited)",
					"@executable_path/Frameworks",
				);
				MARKETING_VERSION = 1.0;
				PRODUCT_BUNDLE_IDENTIFIER = com.linkedin.TestPoCIntegration;
				PRODUCT_NAME = "$(TARGET_NAME)";
				PROVISIONING_PROFILE_SPECIFIER = "";
				SWIFT_EMIT_LOC_STRINGS = YES;
				SWIFT_OBJC_BRIDGING_HEADER = "TestPoCIntegration/TestPoCIntegration-Bridging-Header.h";
				SWIFT_VERSION = 5.0;
				TARGETED_DEVICE_FAMILY = "1,2";
			};
			name = Release;
		};
/* End XCBuildConfiguration section */

/* Begin XCConfigurationList section */
		F64D89F0279B3E1B00D6D73A /* Build configuration list for PBXProject "TestPoCIntegration" */ = {
			isa = XCConfigurationList;
			buildConfigurations = (
				F64D8A01279B3E1E00D6D73A /* Debug */,
				F64D8A02279B3E1E00D6D73A /* Release */,
			);
			defaultConfigurationIsVisible = 0;
			defaultConfigurationName = Release;
		};
		F64D8A03279B3E1E00D6D73A /* Build configuration list for PBXNativeTarget "TestPoCIntegration" */ = {
			isa = XCConfigurationList;
			buildConfigurations = (
				F64D8A04279B3E1E00D6D73A /* Debug */,
				F64D8A05279B3E1E00D6D73A /* Release */,
			);
			defaultConfigurationIsVisible = 0;
			defaultConfigurationName = Release;
		};
/* End XCConfigurationList section */
	};
	rootObject = F64D89ED279B3E1B00D6D73A /* Project object */;
}
